
Microsoft Visual Studio Solution File, Format Version 12.00
# Visual Studio 15
VisualStudioVersion = 15.0.27703.2042
MinimumVisualStudioVersion = 10.0.40219.1
Project("{8BC9CEB8-8B4A-11D0-8D11-00A0C91BC942}") = "TensorflowGPU", "TensorflowGPU\TensorflowGPU.vcxproj", "{A4BDD0D8-5F07-4908-ADB8-FD47C6C1E850}"
EndProject
Project("{8BC9CEB8-8B4A-11D0-8D11-00A0C91BC942}") = "TensorflowCPU", "TensorflowCPU\TensorflowCPU.vcxproj", "{A6B9EEDC-BDC1-4912-A962-F417D5FCF0AA}"
EndProject
Global
	GlobalSection(SolutionConfigurationPlatforms) = preSolution
		Debug|x64 = Debug|x64
		Debug|x86 = Debug|x86
		Release|x64 = Release|x64
		Release|x86 = Release|x86
	EndGlobalSection
	GlobalSection(ProjectConfigurationPlatforms) = postSolution
		{A4BDD0D8-5F07-4908-ADB8-FD47C6C1E850}.Debug|x64.ActiveCfg = Debug|x64
		{A4BDD0D8-5F07-4908-ADB8-FD47C6C1E850}.Debug|x64.Build.0 = Debug|x64
		{A4BDD0D8-5F07-4908-ADB8-FD47C6C1E850}.Debug|x86.ActiveCfg = Debug|Win32
		{A4BDD0D8-5F07-4908-ADB8-FD47C6C1E850}.Debug|x86.Build.0 = Debug|Win32
		{A4BDD0D8-5F07-4908-ADB8-FD47C6C1E850}.Release|x64.ActiveCfg = Release|x64
		{A4BDD0D8-5F07-4908-ADB8-FD47C6C1E850}.Release|x64.Build.0 = Release|x64
		{A4BDD0D8-5F07-4908-ADB8-FD47C6C1E850}.Release|x86.ActiveCfg = Release|Win32
		{A4BDD0D8-5F07-4908-ADB8-FD47C6C1E850}.Release|x86.Build.0 = Release|Win32
		{A6B9EEDC-BDC1-4912-A962-F417D5FCF0AA}.Debug|x64.ActiveCfg = Debug|x64
		{A6B9EEDC-BDC1-4912-A962-F417D5FCF0AA}.Debug|x64.Build.0 = Debug|x64
		{A6B9EEDC-BDC1-4912-A962-F417D5FCF0AA}.Debug|x86.ActiveCfg = Debug|Win32
		{A6B9EEDC-BDC1-4912-A962-F417D5FCF0AA}.Debug|x86.Build.0 = Debug|Win32
		{A6B9EEDC-BDC1-4912-A962-F417D5FCF0AA}.Release|x64.ActiveCfg = Release|x64
		{A6B9EEDC-BDC1-4912-A962-F417D5FCF0AA}.Release|x64.Build.0 = Release|x64
		{A6B9EEDC-BDC1-4912-A962-F417D5FCF0AA}.Release|x86.ActiveCfg = Release|Win32
		{A6B9EEDC-BDC1-4912-A962-F417D5FCF0AA}.Release|x86.Build.0 = Release|Win32
	EndGlobalSection
	GlobalSection(SolutionProperties) = preSolution
		HideSolutionNode = FALSE
	EndGlobalSection
	GlobalSection(ExtensibilityGlobals) = postSolution
		SolutionGuid = {32AA9D81-6CA3-4161-A140-5354AB8051B5}
	EndGlobalSection
EndGlobal
